
Microsoft Visual Studio Solution File, Format Version 12.00
# Visual Studio Version 17
VisualStudioVersion = 17.0.31903.59
MinimumVisualStudioVersion = 10.0.40219.1
Project("{FAE04EC0-301F-11D3-BF4B-00C04F79EFBC}") = "Baston.Api", "Baston.Api\Baston.Api.csproj", "{D64E6D69-0B79-4601-909A-56715D9802E7}"
EndProject
Project("{FAE04EC0-301F-11D3-BF4B-00C04F79EFBC}") = "Baston.Domain", "Baston.Domain\Baston.Domain.csproj", "{7DF51DE9-B94A-4C7A-8295-ACB7751FD870}"
EndProject
Project("{FAE04EC0-301F-11D3-BF4B-00C04F79EFBC}") = "Baston.Infra", "Baston.Infra\Baston.Infra.csproj", "{BD8D0B4E-1D81-4D1B-93A4-A6FBE1812307}"
EndProject
Global
	GlobalSection(SolutionConfigurationPlatforms) = preSolution
		Debug|Any CPU = Debug|Any CPU
		Debug|x64 = Debug|x64
		Debug|x86 = Debug|x86
		Release|Any CPU = Release|Any CPU
		Release|x64 = Release|x64
		Release|x86 = Release|x86
	EndGlobalSection
	GlobalSection(ProjectConfigurationPlatforms) = postSolution
		{D64E6D69-0B79-4601-909A-56715D9802E7}.Debug|Any CPU.ActiveCfg = Debug|Any CPU
		{D64E6D69-0B79-4601-909A-56715D9802E7}.Debug|Any CPU.Build.0 = Debug|Any CPU
		{D64E6D69-0B79-4601-909A-56715D9802E7}.Debug|x64.ActiveCfg = Debug|Any CPU
		{D64E6D69-0B79-4601-909A-56715D9802E7}.Debug|x64.Build.0 = Debug|Any CPU
		{D64E6D69-0B79-4601-909A-56715D9802E7}.Debug|x86.ActiveCfg = Debug|Any CPU
		{D64E6D69-0B79-4601-909A-56715D9802E7}.Debug|x86.Build.0 = Debug|Any CPU
		{D64E6D69-0B79-4601-909A-56715D9802E7}.Release|Any CPU.ActiveCfg = Release|Any CPU
		{D64E6D69-0B79-4601-909A-56715D9802E7}.Release|Any CPU.Build.0 = Release|Any CPU
		{D64E6D69-0B79-4601-909A-56715D9802E7}.Release|x64.ActiveCfg = Release|Any CPU
		{D64E6D69-0B79-4601-909A-56715D9802E7}.Release|x64.Build.0 = Release|Any CPU
		{D64E6D69-0B79-4601-909A-56715D9802E7}.Release|x86.ActiveCfg = Release|Any CPU
		{D64E6D69-0B79-4601-909A-56715D9802E7}.Release|x86.Build.0 = Release|Any CPU
		{7DF51DE9-B94A-4C7A-8295-ACB7751FD870}.Debug|Any CPU.ActiveCfg = Debug|Any CPU
		{7DF51DE9-B94A-4C7A-8295-ACB7751FD870}.Debug|Any CPU.Build.0 = Debug|Any CPU
		{7DF51DE9-B94A-4C7A-8295-ACB7751FD870}.Debug|x64.ActiveCfg = Debug|Any CPU
		{7DF51DE9-B94A-4C7A-8295-ACB7751FD870}.Debug|x64.Build.0 = Debug|Any CPU
		{7DF51DE9-B94A-4C7A-8295-ACB7751FD870}.Debug|x86.ActiveCfg = Debug|Any CPU
		{7DF51DE9-B94A-4C7A-8295-ACB7751FD870}.Debug|x86.Build.0 = Debug|Any CPU
		{7DF51DE9-B94A-4C7A-8295-ACB7751FD870}.Release|Any CPU.ActiveCfg = Release|Any CPU
		{7DF51DE9-B94A-4C7A-8295-ACB7751FD870}.Release|Any CPU.Build.0 = Release|Any CPU
		{7DF51DE9-B94A-4C7A-8295-ACB7751FD870}.Release|x64.ActiveCfg = Release|Any CPU
		{7DF51DE9-B94A-4C7A-8295-ACB7751FD870}.Release|x64.Build.0 = Release|Any CPU
		{7DF51DE9-B94A-4C7A-8295-ACB7751FD870}.Release|x86.ActiveCfg = Release|Any CPU
		{7DF51DE9-B94A-4C7A-8295-ACB7751FD870}.Release|x86.Build.0 = Release|Any CPU
		{BD8D0B4E-1D81-4D1B-93A4-A6FBE1812307}.Debug|Any CPU.ActiveCfg = Debug|Any CPU
		{BD8D0B4E-1D81-4D1B-93A4-A6FBE1812307}.Debug|Any CPU.Build.0 = Debug|Any CPU
		{BD8D0B4E-1D81-4D1B-93A4-A6FBE1812307}.Debug|x64.ActiveCfg = Debug|Any CPU
		{BD8D0B4E-1D81-4D1B-93A4-A6FBE1812307}.Debug|x64.Build.0 = Debug|Any CPU
		{BD8D0B4E-1D81-4D1B-93A4-A6FBE1812307}.Debug|x86.ActiveCfg = Debug|Any CPU
		{BD8D0B4E-1D81-4D1B-93A4-A6FBE1812307}.Debug|x86.Build.0 = Debug|Any CPU
		{BD8D0B4E-1D81-4D1B-93A4-A6FBE1812307}.Release|Any CPU.ActiveCfg = Release|Any CPU
		{BD8D0B4E-1D81-4D1B-93A4-A6FBE1812307}.Release|Any CPU.Build.0 = Release|Any CPU
		{BD8D0B4E-1D81-4D1B-93A4-A6FBE1812307}.Release|x64.ActiveCfg = Release|Any CPU
		{BD8D0B4E-1D81-4D1B-93A4-A6FBE1812307}.Release|x64.Build.0 = Release|Any CPU
		{BD8D0B4E-1D81-4D1B-93A4-A6FBE1812307}.Release|x86.ActiveCfg = Release|Any CPU
		{BD8D0B4E-1D81-4D1B-93A4-A6FBE1812307}.Release|x86.Build.0 = Release|Any CPU
	EndGlobalSection
	GlobalSection(SolutionProperties) = preSolution
		HideSolutionNode = FALSE
	EndGlobalSection
EndGlobal
